
Microsoft Visual Studio Solution File, Format Version 12.00
# Visual Studio Version 16
VisualStudioVersion = 16.0.29728.190
MinimumVisualStudioVersion = 10.0.40219.1
Project("{FAE04EC0-301F-11D3-BF4B-00C04F79EFBC}") = "WPFUI", "WPFUI\WPFUI.csproj", "{4A7F10D4-FC52-4A3E-8DA6-5F342D8D0DDE}"
EndProject
Global
	GlobalSection(SolutionConfigurationPlatforms) = preSolution
		Debug|Any CPU = Debug|Any CPU
		Release|Any CPU = Release|Any CPU
	EndGlobalSection
	GlobalSection(ProjectConfigurationPlatforms) = postSolution
		{4A7F10D4-FC52-4A3E-8DA6-5F342D8D0DDE}.Debug|Any CPU.ActiveCfg = Debug|Any CPU
		{4A7F10D4-FC52-4A3E-8DA6-5F342D8D0DDE}.Debug|Any CPU.Build.0 = Debug|Any CPU
		{4A7F10D4-FC52-4A3E-8DA6-5F342D8D0DDE}.Release|Any CPU.ActiveCfg = Release|Any CPU
		{4A7F10D4-FC52-4A3E-8DA6-5F342D8D0DDE}.Release|Any CPU.Build.0 = Release|Any CPU
	EndGlobalSection
	GlobalSection(SolutionProperties) = preSolution
		HideSolutionNode = FALSE
	EndGlobalSection
	GlobalSection(ExtensibilityGlobals) = postSolution
		SolutionGuid = {725B7A5C-A275-4AE2-9698-14096D5CBC25}
	EndGlobalSection
EndGlobal
